
Microsoft Visual Studio Solution File, Format Version 12.00
# Visual Studio Version 16
VisualStudioVersion = 16.0.29806.167
MinimumVisualStudioVersion = 10.0.40219.1
Project("{FAE04EC0-301F-11D3-BF4B-00C04F79EFBC}") = "UserControlOnRenderTest", "UserControlOnRenderTest\UserControlOnRenderTest.csproj", "{65B9BB29-2B6B-4FD7-AA6B-76BC1CDB052B}"
EndProject
Global
	GlobalSection(SolutionConfigurationPlatforms) = preSolution
		Debug|Any CPU = Debug|Any CPU
		Release|Any CPU = Release|Any CPU
	EndGlobalSection
	GlobalSection(ProjectConfigurationPlatforms) = postSolution
		{65B9BB29-2B6B-4FD7-AA6B-76BC1CDB052B}.Debug|Any CPU.ActiveCfg = Debug|Any CPU
		{65B9BB29-2B6B-4FD7-AA6B-76BC1CDB052B}.Debug|Any CPU.Build.0 = Debug|Any CPU
		{65B9BB29-2B6B-4FD7-AA6B-76BC1CDB052B}.Release|Any CPU.ActiveCfg = Release|Any CPU
		{65B9BB29-2B6B-4FD7-AA6B-76BC1CDB052B}.Release|Any CPU.Build.0 = Release|Any CPU
	EndGlobalSection
	GlobalSection(SolutionProperties) = preSolution
		HideSolutionNode = FALSE
	EndGlobalSection
	GlobalSection(ExtensibilityGlobals) = postSolution
		SolutionGuid = {4FD10602-BAE4-4F27-B6F4-60B523A9496A}
	EndGlobalSection
EndGlobal
